
Microsoft Visual Studio Solution File, Format Version 12.00
# Visual Studio Version 16
VisualStudioVersion = 16.0.29920.165
MinimumVisualStudioVersion = 10.0.40219.1
Project("{FAE04EC0-301F-11D3-BF4B-00C04F79EFBC}") = "lista exercicio 02 exercicio 01", "lista exercicio 02 exercicio 01\lista exercicio 02 exercicio 01.csproj", "{0A07CA89-8648-413E-85CB-AC99E16F120A}"
EndProject
Global
	GlobalSection(SolutionConfigurationPlatforms) = preSolution
		Debug|Any CPU = Debug|Any CPU
		Release|Any CPU = Release|Any CPU
	EndGlobalSection
	GlobalSection(ProjectConfigurationPlatforms) = postSolution
		{0A07CA89-8648-413E-85CB-AC99E16F120A}.Debug|Any CPU.ActiveCfg = Debug|Any CPU
		{0A07CA89-8648-413E-85CB-AC99E16F120A}.Debug|Any CPU.Build.0 = Debug|Any CPU
		{0A07CA89-8648-413E-85CB-AC99E16F120A}.Release|Any CPU.ActiveCfg = Release|Any CPU
		{0A07CA89-8648-413E-85CB-AC99E16F120A}.Release|Any CPU.Build.0 = Release|Any CPU
	EndGlobalSection
	GlobalSection(SolutionProperties) = preSolution
		HideSolutionNode = FALSE
	EndGlobalSection
	GlobalSection(ExtensibilityGlobals) = postSolution
		SolutionGuid = {8F7F04F3-22C4-42DC-A522-1D50127F8373}
	EndGlobalSection
EndGlobal
