
Microsoft Visual Studio Solution File, Format Version 12.00
# Visual Studio Version 16
VisualStudioVersion = 16.0.29920.165
MinimumVisualStudioVersion = 10.0.40219.1
Project("{FAE04EC0-301F-11D3-BF4B-00C04F79EFBC}") = "lista exercicio 02 exercicio 04", "lista exercicio 02 exercicio 04\lista exercicio 02 exercicio 04.csproj", "{1BAF1278-69B6-4317-BAD6-6931DC6CC5C5}"
EndProject
Global
	GlobalSection(SolutionConfigurationPlatforms) = preSolution
		Debug|Any CPU = Debug|Any CPU
		Release|Any CPU = Release|Any CPU
	EndGlobalSection
	GlobalSection(ProjectConfigurationPlatforms) = postSolution
		{1BAF1278-69B6-4317-BAD6-6931DC6CC5C5}.Debug|Any CPU.ActiveCfg = Debug|Any CPU
		{1BAF1278-69B6-4317-BAD6-6931DC6CC5C5}.Debug|Any CPU.Build.0 = Debug|Any CPU
		{1BAF1278-69B6-4317-BAD6-6931DC6CC5C5}.Release|Any CPU.ActiveCfg = Release|Any CPU
		{1BAF1278-69B6-4317-BAD6-6931DC6CC5C5}.Release|Any CPU.Build.0 = Release|Any CPU
	EndGlobalSection
	GlobalSection(SolutionProperties) = preSolution
		HideSolutionNode = FALSE
	EndGlobalSection
	GlobalSection(ExtensibilityGlobals) = postSolution
		SolutionGuid = {793BB4FF-64CD-4705-9C0F-CC31C6AB9ADE}
	EndGlobalSection
EndGlobal
