
Microsoft Visual Studio Solution File, Format Version 12.00
# Visual Studio Version 16
VisualStudioVersion = 16.0.29926.136
MinimumVisualStudioVersion = 10.0.40219.1
Project("{FAE04EC0-301F-11D3-BF4B-00C04F79EFBC}") = "lista 2 exercicio 8", "lista 2 exercicio 8\lista 2 exercicio 8.csproj", "{57304A96-5C29-462F-80B0-F89A956FAE54}"
EndProject
Global
	GlobalSection(SolutionConfigurationPlatforms) = preSolution
		Debug|Any CPU = Debug|Any CPU
		Release|Any CPU = Release|Any CPU
	EndGlobalSection
	GlobalSection(ProjectConfigurationPlatforms) = postSolution
		{57304A96-5C29-462F-80B0-F89A956FAE54}.Debug|Any CPU.ActiveCfg = Debug|Any CPU
		{57304A96-5C29-462F-80B0-F89A956FAE54}.Debug|Any CPU.Build.0 = Debug|Any CPU
		{57304A96-5C29-462F-80B0-F89A956FAE54}.Release|Any CPU.ActiveCfg = Release|Any CPU
		{57304A96-5C29-462F-80B0-F89A956FAE54}.Release|Any CPU.Build.0 = Release|Any CPU
	EndGlobalSection
	GlobalSection(SolutionProperties) = preSolution
		HideSolutionNode = FALSE
	EndGlobalSection
	GlobalSection(ExtensibilityGlobals) = postSolution
		SolutionGuid = {58B2296B-0257-4133-B5EA-1927E5F7C88A}
	EndGlobalSection
EndGlobal
