
Microsoft Visual Studio Solution File, Format Version 12.00
# Visual Studio Version 16
VisualStudioVersion = 16.0.29926.136
MinimumVisualStudioVersion = 10.0.40219.1
Project("{FAE04EC0-301F-11D3-BF4B-00C04F79EFBC}") = "lista de exercicio 2 exercicio 6", "lista de exercicio 2 exercicio 6\lista de exercicio 2 exercicio 6.csproj", "{46B8E2EB-BA86-4E40-AFF7-91E57FE76429}"
EndProject
Global
	GlobalSection(SolutionConfigurationPlatforms) = preSolution
		Debug|Any CPU = Debug|Any CPU
		Release|Any CPU = Release|Any CPU
	EndGlobalSection
	GlobalSection(ProjectConfigurationPlatforms) = postSolution
		{46B8E2EB-BA86-4E40-AFF7-91E57FE76429}.Debug|Any CPU.ActiveCfg = Debug|Any CPU
		{46B8E2EB-BA86-4E40-AFF7-91E57FE76429}.Debug|Any CPU.Build.0 = Debug|Any CPU
		{46B8E2EB-BA86-4E40-AFF7-91E57FE76429}.Release|Any CPU.ActiveCfg = Release|Any CPU
		{46B8E2EB-BA86-4E40-AFF7-91E57FE76429}.Release|Any CPU.Build.0 = Release|Any CPU
	EndGlobalSection
	GlobalSection(SolutionProperties) = preSolution
		HideSolutionNode = FALSE
	EndGlobalSection
	GlobalSection(ExtensibilityGlobals) = postSolution
		SolutionGuid = {FFD8476F-55FC-4FAE-AC49-8F7C828867C4}
	EndGlobalSection
EndGlobal
